
Microsoft Visual Studio Solution File, Format Version 12.00
# Visual Studio Version 16
VisualStudioVersion = 16.0.31424.327
MinimumVisualStudioVersion = 10.0.40219.1
Project("{FAE04EC0-301F-11D3-BF4B-00C04F79EFBC}") = "FactoryMethod", "FactoryMethod\FactoryMethod.csproj", "{FC11A216-6351-485C-99EC-02110CAE3305}"
EndProject
Global
	GlobalSection(SolutionConfigurationPlatforms) = preSolution
		Debug|Any CPU = Debug|Any CPU
		Release|Any CPU = Release|Any CPU
	EndGlobalSection
	GlobalSection(ProjectConfigurationPlatforms) = postSolution
		{FC11A216-6351-485C-99EC-02110CAE3305}.Debug|Any CPU.ActiveCfg = Debug|Any CPU
		{FC11A216-6351-485C-99EC-02110CAE3305}.Debug|Any CPU.Build.0 = Debug|Any CPU
		{FC11A216-6351-485C-99EC-02110CAE3305}.Release|Any CPU.ActiveCfg = Release|Any CPU
		{FC11A216-6351-485C-99EC-02110CAE3305}.Release|Any CPU.Build.0 = Release|Any CPU
	EndGlobalSection
	GlobalSection(SolutionProperties) = preSolution
		HideSolutionNode = FALSE
	EndGlobalSection
	GlobalSection(ExtensibilityGlobals) = postSolution
		SolutionGuid = {070A6A54-568F-44ED-9E13-86DCBB6F8223}
	EndGlobalSection
EndGlobal
